
Microsoft Visual Studio Solution File, Format Version 12.00
# Visual Studio Version 17
VisualStudioVersion = 17.5.33516.290
MinimumVisualStudioVersion = 10.0.40219.1
Project("{9A19103F-16F7-4668-BE54-9A1E7A4F7556}") = "UI", "UI\UI.csproj", "{7EBB867D-72DA-4463-BD10-AA7FEE9B5651}"
EndProject
Project("{9A19103F-16F7-4668-BE54-9A1E7A4F7556}") = "WinFormsControlLibrary", "WinFormsControlLibrary\WinFormsControlLibrary.csproj", "{A6E0EEE8-5772-4F70-87C6-9545985C2581}"
EndProject
Project("{FAE04EC0-301F-11D3-BF4B-00C04F79EFBC}") = "Calculator.Backend", "Calculator.Backend\Calculator.Backend.csproj", "{6A39323B-4F30-4D27-AACA-8CED0984A1E8}"
EndProject
Global
	GlobalSection(SolutionConfigurationPlatforms) = preSolution
		Debug|Any CPU = Debug|Any CPU
		Release|Any CPU = Release|Any CPU
	EndGlobalSection
	GlobalSection(ProjectConfigurationPlatforms) = postSolution
		{7EBB867D-72DA-4463-BD10-AA7FEE9B5651}.Debug|Any CPU.ActiveCfg = Debug|Any CPU
		{7EBB867D-72DA-4463-BD10-AA7FEE9B5651}.Debug|Any CPU.Build.0 = Debug|Any CPU
		{7EBB867D-72DA-4463-BD10-AA7FEE9B5651}.Release|Any CPU.ActiveCfg = Release|Any CPU
		{7EBB867D-72DA-4463-BD10-AA7FEE9B5651}.Release|Any CPU.Build.0 = Release|Any CPU
		{A6E0EEE8-5772-4F70-87C6-9545985C2581}.Debug|Any CPU.ActiveCfg = Debug|Any CPU
		{A6E0EEE8-5772-4F70-87C6-9545985C2581}.Debug|Any CPU.Build.0 = Debug|Any CPU
		{A6E0EEE8-5772-4F70-87C6-9545985C2581}.Release|Any CPU.ActiveCfg = Release|Any CPU
		{A6E0EEE8-5772-4F70-87C6-9545985C2581}.Release|Any CPU.Build.0 = Release|Any CPU
		{6A39323B-4F30-4D27-AACA-8CED0984A1E8}.Debug|Any CPU.ActiveCfg = Debug|Any CPU
		{6A39323B-4F30-4D27-AACA-8CED0984A1E8}.Debug|Any CPU.Build.0 = Debug|Any CPU
		{6A39323B-4F30-4D27-AACA-8CED0984A1E8}.Release|Any CPU.ActiveCfg = Release|Any CPU
		{6A39323B-4F30-4D27-AACA-8CED0984A1E8}.Release|Any CPU.Build.0 = Release|Any CPU
	EndGlobalSection
	GlobalSection(SolutionProperties) = preSolution
		HideSolutionNode = FALSE
	EndGlobalSection
	GlobalSection(ExtensibilityGlobals) = postSolution
		SolutionGuid = {64C65E36-AAEE-4E6D-8780-615FA6B52C65}
	EndGlobalSection
EndGlobal
